
Microsoft Visual Studio Solution File, Format Version 12.00
# Visual Studio Version 17
VisualStudioVersion = 17.3.32901.215
MinimumVisualStudioVersion = 10.0.40219.1
Project("{FAE04EC0-301F-11D3-BF4B-00C04F79EFBC}") = "assignment9_yevhenii", "assignment9_yevhenii\assignment9_yevhenii.csproj", "{FB2F2541-C703-4F5F-830C-D048619D22DD}"
EndProject
Global
	GlobalSection(SolutionConfigurationPlatforms) = preSolution
		Debug|Any CPU = Debug|Any CPU
		Release|Any CPU = Release|Any CPU
	EndGlobalSection
	GlobalSection(ProjectConfigurationPlatforms) = postSolution
		{FB2F2541-C703-4F5F-830C-D048619D22DD}.Debug|Any CPU.ActiveCfg = Debug|Any CPU
		{FB2F2541-C703-4F5F-830C-D048619D22DD}.Debug|Any CPU.Build.0 = Debug|Any CPU
		{FB2F2541-C703-4F5F-830C-D048619D22DD}.Release|Any CPU.ActiveCfg = Release|Any CPU
		{FB2F2541-C703-4F5F-830C-D048619D22DD}.Release|Any CPU.Build.0 = Release|Any CPU
	EndGlobalSection
	GlobalSection(SolutionProperties) = preSolution
		HideSolutionNode = FALSE
	EndGlobalSection
	GlobalSection(ExtensibilityGlobals) = postSolution
		SolutionGuid = {EE78FB45-9E6E-4D56-8C42-69F18E6F008C}
	EndGlobalSection
EndGlobal
